
Microsoft Visual Studio Solution File, Format Version 12.00
# Visual Studio Version 17
VisualStudioVersion = 17.3.32929.385
MinimumVisualStudioVersion = 10.0.40219.1
Project("{9A19103F-16F7-4668-BE54-9A1E7A4F7556}") = "InternationalWaterWebApp", "InternationalWaterWebApp\InternationalWaterWebApp.csproj", "{2223652A-C428-4C26-A975-E66B0CE48B9A}"
EndProject
Project("{9A19103F-16F7-4668-BE54-9A1E7A4F7556}") = "InternationalWaterWebApp.Library", "InternationalWaterWebApp.Library\InternationalWaterWebApp.Library.csproj", "{806B6678-92DD-4679-A929-E2C7996FFA65}"
EndProject
Global
	GlobalSection(SolutionConfigurationPlatforms) = preSolution
		Debug|Any CPU = Debug|Any CPU
		Release|Any CPU = Release|Any CPU
	EndGlobalSection
	GlobalSection(ProjectConfigurationPlatforms) = postSolution
		{2223652A-C428-4C26-A975-E66B0CE48B9A}.Debug|Any CPU.ActiveCfg = Debug|Any CPU
		{2223652A-C428-4C26-A975-E66B0CE48B9A}.Debug|Any CPU.Build.0 = Debug|Any CPU
		{2223652A-C428-4C26-A975-E66B0CE48B9A}.Release|Any CPU.ActiveCfg = Release|Any CPU
		{2223652A-C428-4C26-A975-E66B0CE48B9A}.Release|Any CPU.Build.0 = Release|Any CPU
		{806B6678-92DD-4679-A929-E2C7996FFA65}.Debug|Any CPU.ActiveCfg = Debug|Any CPU
		{806B6678-92DD-4679-A929-E2C7996FFA65}.Debug|Any CPU.Build.0 = Debug|Any CPU
		{806B6678-92DD-4679-A929-E2C7996FFA65}.Release|Any CPU.ActiveCfg = Release|Any CPU
		{806B6678-92DD-4679-A929-E2C7996FFA65}.Release|Any CPU.Build.0 = Release|Any CPU
	EndGlobalSection
	GlobalSection(SolutionProperties) = preSolution
		HideSolutionNode = FALSE
	EndGlobalSection
	GlobalSection(ExtensibilityGlobals) = postSolution
		SolutionGuid = {56854162-CEB3-4975-8CB2-A07504D7BE16}
	EndGlobalSection
EndGlobal
